
Microsoft Visual Studio Solution File, Format Version 12.00
# Visual Studio Version 17
VisualStudioVersion = 17.1.31911.260
MinimumVisualStudioVersion = 10.0.40219.1
Project("{FAE04EC0-301F-11D3-BF4B-00C04F79EFBC}") = "MessangerClient", "MessangerClient\MessangerClient.csproj", "{4C820C2C-E294-42A0-B11A-71D855A17429}"
EndProject
Global
	GlobalSection(SolutionConfigurationPlatforms) = preSolution
		Debug|Any CPU = Debug|Any CPU
		Release|Any CPU = Release|Any CPU
	EndGlobalSection
	GlobalSection(ProjectConfigurationPlatforms) = postSolution
		{4C820C2C-E294-42A0-B11A-71D855A17429}.Debug|Any CPU.ActiveCfg = Debug|Any CPU
		{4C820C2C-E294-42A0-B11A-71D855A17429}.Debug|Any CPU.Build.0 = Debug|Any CPU
		{4C820C2C-E294-42A0-B11A-71D855A17429}.Release|Any CPU.ActiveCfg = Release|Any CPU
		{4C820C2C-E294-42A0-B11A-71D855A17429}.Release|Any CPU.Build.0 = Release|Any CPU
	EndGlobalSection
	GlobalSection(SolutionProperties) = preSolution
		HideSolutionNode = FALSE
	EndGlobalSection
	GlobalSection(ExtensibilityGlobals) = postSolution
		SolutionGuid = {F6C0DBE3-15A7-4990-B984-11986CD3236E}
	EndGlobalSection
EndGlobal
